// !$*UTF8*$!
{
	archiveVersion = 1;
	classes = {
	};
	objectVersion = 46;
	objects = {

/* Begin PBXBuildFile section */
		1836DEC31C3B9F3600E90538 /* main.m in Sources */ = {isa = PBXBuildFile; fileRef = 1836DEC21C3B9F3600E90538 /* main.m */; };
		1836DEC61C3B9F3600E90538 /* AppDelegate.m in Sources */ = {isa = PBXBuildFile; fileRef = 1836DEC51C3B9F3600E90538 /* AppDelegate.m */; };
		1836DEC91C3B9F3600E90538 /* ViewController.m in Sources */ = {isa = PBXBuildFile; fileRef = 1836DEC81C3B9F3600E90538 /* ViewController.m */; };
		1836DECC1C3B9F3600E90538 /* Main.storyboard in Resources */ = {isa = PBXBuildFile; fileRef = 1836DECA1C3B9F3600E90538 /* Main.storyboard */; };
		1836DECE1C3B9F3600E90538 /* Assets.xcassets in Resources */ = {isa = PBXBuildFile; fileRef = 1836DECD1C3B9F3600E90538 /* Assets.xcassets */; };
		1836DED11C3B9F3600E90538 /* LaunchScreen.storyboard in Resources */ = {isa = PBXBuildFile; fileRef = 1836DECF1C3B9F3600E90538 /* LaunchScreen.storyboard */; };
		1836DEDC1C3B9F3600E90538 /* SimpleNetworkTests.m in Sources */ = {isa = PBXBuildFile; fileRef = 1836DEDB1C3B9F3600E90538 /* SimpleNetworkTests.m */; };
		1836DEE71C3B9F3600E90538 /* SimpleNetworkUITests.m in Sources */ = {isa = PBXBuildFile; fileRef = 1836DEE61C3B9F3600E90538 /* SimpleNetworkUITests.m */; };
		1836DF1F1C3B9F6600E90538 /* AFHTTPRequestOperation.m in Sources */ = {isa = PBXBuildFile; fileRef = 1836DEF61C3B9F6600E90538 /* AFHTTPRequestOperation.m */; };
		1836DF201C3B9F6600E90538 /* AFHTTPRequestOperationManager.m in Sources */ = {isa = PBXBuildFile; fileRef = 1836DEF81C3B9F6600E90538 /* AFHTTPRequestOperationManager.m */; };
		1836DF211C3B9F6600E90538 /* AFHTTPSessionManager.m in Sources */ = {isa = PBXBuildFile; fileRef = 1836DEFA1C3B9F6600E90538 /* AFHTTPSessionManager.m */; };
		1836DF221C3B9F6600E90538 /* AFNetworkReachabilityManager.m in Sources */ = {isa = PBXBuildFile; fileRef = 1836DEFD1C3B9F6600E90538 /* AFNetworkReachabilityManager.m */; };
		1836DF231C3B9F6600E90538 /* AFSecurityPolicy.m in Sources */ = {isa = PBXBuildFile; fileRef = 1836DEFF1C3B9F6600E90538 /* AFSecurityPolicy.m */; };
		1836DF241C3B9F6600E90538 /* AFURLConnectionOperation.m in Sources */ = {isa = PBXBuildFile; fileRef = 1836DF011C3B9F6600E90538 /* AFURLConnectionOperation.m */; };
		1836DF251C3B9F6600E90538 /* AFURLRequestSerialization.m in Sources */ = {isa = PBXBuildFile; fileRef = 1836DF031C3B9F6600E90538 /* AFURLRequestSerialization.m */; };
		1836DF261C3B9F6600E90538 /* AFURLResponseSerialization.m in Sources */ = {isa = PBXBuildFile; fileRef = 1836DF051C3B9F6600E90538 /* AFURLResponseSerialization.m */; };
		1836DF271C3B9F6600E90538 /* AFURLSessionManager.m in Sources */ = {isa = PBXBuildFile; fileRef = 1836DF071C3B9F6600E90538 /* AFURLSessionManager.m */; };
		1836DF281C3B9F6600E90538 /* MBProgressHUD.m in Sources */ = {isa = PBXBuildFile; fileRef = 1836DF091C3B9F6600E90538 /* MBProgressHUD.m */; };
		1836DF291C3B9F6600E90538 /* NetworkTool.m in Sources */ = {isa = PBXBuildFile; fileRef = 1836DF0B1C3B9F6600E90538 /* NetworkTool.m */; };
		1836DF2A1C3B9F6600E90538 /* AFNetworkActivityIndicatorManager.m in Sources */ = {isa = PBXBuildFile; fileRef = 1836DF0E1C3B9F6600E90538 /* AFNetworkActivityIndicatorManager.m */; };
		1836DF2B1C3B9F6600E90538 /* UIActivityIndicatorView+AFNetworking.m in Sources */ = {isa = PBXBuildFile; fileRef = 1836DF101C3B9F6600E90538 /* UIActivityIndicatorView+AFNetworking.m */; };
		1836DF2C1C3B9F6600E90538 /* UIAlertView+AFNetworking.m in Sources */ = {isa = PBXBuildFile; fileRef = 1836DF121C3B9F6600E90538 /* UIAlertView+AFNetworking.m */; };
		1836DF2D1C3B9F6600E90538 /* UIButton+AFNetworking.m in Sources */ = {isa = PBXBuildFile; fileRef = 1836DF141C3B9F6600E90538 /* UIButton+AFNetworking.m */; };
		1836DF2E1C3B9F6600E90538 /* UIImageView+AFNetworking.m in Sources */ = {isa = PBXBuildFile; fileRef = 1836DF171C3B9F6600E90538 /* UIImageView+AFNetworking.m */; };
		1836DF2F1C3B9F6600E90538 /* UIProgressView+AFNetworking.m in Sources */ = {isa = PBXBuildFile; fileRef = 1836DF1A1C3B9F6600E90538 /* UIProgressView+AFNetworking.m */; };
		1836DF301C3B9F6600E90538 /* UIRefreshControl+AFNetworking.m in Sources */ = {isa = PBXBuildFile; fileRef = 1836DF1C1C3B9F6600E90538 /* UIRefreshControl+AFNetworking.m */; };
		1836DF311C3B9F6600E90538 /* UIWebView+AFNetworking.m in Sources */ = {isa = PBXBuildFile; fileRef = 1836DF1E1C3B9F6600E90538 /* UIWebView+AFNetworking.m */; };
/* End PBXBuildFile section */

/* Begin PBXContainerItemProxy section */
		1836DED81C3B9F3600E90538 /* PBXContainerItemProxy */ = {
			isa = PBXContainerItemProxy;
			containerPortal = 1836DEB61C3B9F3600E90538 /* Project object */;
			proxyType = 1;
			remoteGlobalIDString = 1836DEBD1C3B9F3600E90538;
			remoteInfo = SimpleNetwork;
		};
		1836DEE31C3B9F3600E90538 /* PBXContainerItemProxy */ = {
			isa = PBXContainerItemProxy;
			containerPortal = 1836DEB61C3B9F3600E90538 /* Project object */;
			proxyType = 1;
			remoteGlobalIDString = 1836DEBD1C3B9F3600E90538;
			remoteInfo = SimpleNetwork;
		};
/* End PBXContainerItemProxy section */

/* Begin PBXFileReference section */
		1836DEBE1C3B9F3600E90538 /* SimpleNetwork.app */ = {isa = PBXFileReference; explicitFileType = wrapper.application; includeInIndex = 0; path = SimpleNetwork.app; sourceTree = BUILT_PRODUCTS_DIR; };
		1836DEC21C3B9F3600E90538 /* main.m */ = {isa = PBXFileReference; lastKnownFileType = sourcecode.c.objc; path = main.m; sourceTree = "<group>"; };
		1836DEC41C3B9F3600E90538 /* AppDelegate.h */ = {isa = PBXFileReference; lastKnownFileType = sourcecode.c.h; path = AppDelegate.h; sourceTree = "<group>"; };
		1836DEC51C3B9F3600E90538 /* AppDelegate.m */ = {isa = PBXFileReference; lastKnownFileType = sourcecode.c.objc; path = AppDelegate.m; sourceTree = "<group>"; };
		1836DEC71C3B9F3600E90538 /* ViewController.h */ = {isa = PBXFileReference; lastKnownFileType = sourcecode.c.h; path = ViewController.h; sourceTree = "<group>"; };
		1836DEC81C3B9F3600E90538 /* ViewController.m */ = {isa = PBXFileReference; lastKnownFileType = sourcecode.c.objc; path = ViewController.m; sourceTree = "<group>"; };
		1836DECB1C3B9F3600E90538 /* Base */ = {isa = PBXFileReference; lastKnownFileType = file.storyboard; name = Base; path = Base.lproj/Main.storyboard; sourceTree = "<group>"; };
		1836DECD1C3B9F3600E90538 /* Assets.xcassets */ = {isa = PBXFileReference; lastKnownFileType = folder.assetcatalog; path = Assets.xcassets; sourceTree = "<group>"; };
		1836DED01C3B9F3600E90538 /* Base */ = {isa = PBXFileReference; lastKnownFileType = file.storyboard; name = Base; path = Base.lproj/LaunchScreen.storyboard; sourceTree = "<group>"; };
		1836DED21C3B9F3600E90538 /* Info.plist */ = {isa = PBXFileReference; lastKnownFileType = text.plist.xml; path = Info.plist; sourceTree = "<group>"; };
		1836DED71C3B9F3600E90538 /* SimpleNetworkTests.xctest */ = {isa = PBXFileReference; explicitFileType = wrapper.cfbundle; includeInIndex = 0; path = SimpleNetworkTests.xctest; sourceTree = BUILT_PRODUCTS_DIR; };
		1836DEDB1C3B9F3600E90538 /* SimpleNetworkTests.m */ = {isa = PBXFileReference; lastKnownFileType = sourcecode.c.objc; path = SimpleNetworkTests.m; sourceTree = "<group>"; };
		1836DEDD1C3B9F3600E90538 /* Info.plist */ = {isa = PBXFileReference; lastKnownFileType = text.plist.xml; path = Info.plist; sourceTree = "<group>"; };
		1836DEE21C3B9F3600E90538 /* SimpleNetworkUITests.xctest */ = {isa = PBXFileReference; explicitFileType = wrapper.cfbundle; includeInIndex = 0; path = SimpleNetworkUITests.xctest; sourceTree = BUILT_PRODUCTS_DIR; };
		1836DEE61C3B9F3600E90538 /* SimpleNetworkUITests.m */ = {isa = PBXFileReference; lastKnownFileType = sourcecode.c.objc; path = SimpleNetworkUITests.m; sourceTree = "<group>"; };
		1836DEE81C3B9F3600E90538 /* Info.plist */ = {isa = PBXFileReference; lastKnownFileType = text.plist.xml; path = Info.plist; sourceTree = "<group>"; };
		1836DEF51C3B9F6600E90538 /* AFHTTPRequestOperation.h */ = {isa = PBXFileReference; fileEncoding = 4; lastKnownFileType = sourcecode.c.h; path = AFHTTPRequestOperation.h; sourceTree = "<group>"; };
		1836DEF61C3B9F6600E90538 /* AFHTTPRequestOperation.m */ = {isa = PBXFileReference; fileEncoding = 4; lastKnownFileType = sourcecode.c.objc; path = AFHTTPRequestOperation.m; sourceTree = "<group>"; };
		1836DEF71C3B9F6600E90538 /* AFHTTPRequestOperationManager.h */ = {isa = PBXFileReference; fileEncoding = 4; lastKnownFileType = sourcecode.c.h; path = AFHTTPRequestOperationManager.h; sourceTree = "<group>"; };
		1836DEF81C3B9F6600E90538 /* AFHTTPRequestOperationManager.m */ = {isa = PBXFileReference; fileEncoding = 4; lastKnownFileType = sourcecode.c.objc; path = AFHTTPRequestOperationManager.m; sourceTree = "<group>"; };
		1836DEF91C3B9F6600E90538 /* AFHTTPSessionManager.h */ = {isa = PBXFileReference; fileEncoding = 4; lastKnownFileType = sourcecode.c.h; path = AFHTTPSessionManager.h; sourceTree = "<group>"; };
		1836DEFA1C3B9F6600E90538 /* AFHTTPSessionManager.m */ = {isa = PBXFileReference; fileEncoding = 4; lastKnownFileType = sourcecode.c.objc; path = AFHTTPSessionManager.m; sourceTree = "<group>"; };
		1836DEFB1C3B9F6600E90538 /* AFNetworking.h */ = {isa = PBXFileReference; fileEncoding = 4; lastKnownFileType = sourcecode.c.h; path = AFNetworking.h; sourceTree = "<group>"; };
		1836DEFC1C3B9F6600E90538 /* AFNetworkReachabilityManager.h */ = {isa = PBXFileReference; fileEncoding = 4; lastKnownFileType = sourcecode.c.h; path = AFNetworkReachabilityManager.h; sourceTree = "<group>"; };
		1836DEFD1C3B9F6600E90538 /* AFNetworkReachabilityManager.m */ = {isa = PBXFileReference; fileEncoding = 4; lastKnownFileType = sourcecode.c.objc; path = AFNetworkReachabilityManager.m; sourceTree = "<group>"; };
		1836DEFE1C3B9F6600E90538 /* AFSecurityPolicy.h */ = {isa = PBXFileReference; fileEncoding = 4; lastKnownFileType = sourcecode.c.h; path = AFSecurityPolicy.h; sourceTree = "<group>"; };
		1836DEFF1C3B9F6600E90538 /* AFSecurityPolicy.m */ = {isa = PBXFileReference; fileEncoding = 4; lastKnownFileType = sourcecode.c.objc; path = AFSecurityPolicy.m; sourceTree = "<group>"; };
		1836DF001C3B9F6600E90538 /* AFURLConnectionOperation.h */ = {isa = PBXFileReference; fileEncoding = 4; lastKnownFileType = sourcecode.c.h; path = AFURLConnectionOperation.h; sourceTree = "<group>"; };
		1836DF011C3B9F6600E90538 /* AFURLConnectionOperation.m */ = {isa = PBXFileReference; fileEncoding = 4; lastKnownFileType = sourcecode.c.objc; path = AFURLConnectionOperation.m; sourceTree = "<group>"; };
		1836DF021C3B9F6600E90538 /* AFURLRequestSerialization.h */ = {isa = PBXFileReference; fileEncoding = 4; lastKnownFileType = sourcecode.c.h; path = AFURLRequestSerialization.h; sourceTree = "<group>"; };
		1836DF031C3B9F6600E90538 /* AFURLRequestSerialization.m */ = {isa = PBXFileReference; fileEncoding = 4; lastKnownFileType = sourcecode.c.objc; path = AFURLRequestSerialization.m; sourceTree = "<group>"; };
		1836DF041C3B9F6600E90538 /* AFURLResponseSerialization.h */ = {isa = PBXFileReference; fileEncoding = 4; lastKnownFileType = sourcecode.c.h; path = AFURLResponseSerialization.h; sourceTree = "<group>"; };
		1836DF051C3B9F6600E90538 /* AFURLResponseSerialization.m */ = {isa = PBXFileReference; fileEncoding = 4; lastKnownFileType = sourcecode.c.objc; path = AFURLResponseSerialization.m; sourceTree = "<group>"; };
		1836DF061C3B9F6600E90538 /* AFURLSessionManager.h */ = {isa = PBXFileReference; fileEncoding = 4; lastKnownFileType = sourcecode.c.h; path = AFURLSessionManager.h; sourceTree = "<group>"; };
		1836DF071C3B9F6600E90538 /* AFURLSessionManager.m */ = {isa = PBXFileReference; fileEncoding = 4; lastKnownFileType = sourcecode.c.objc; path = AFURLSessionManager.m; sourceTree = "<group>"; };
		1836DF081C3B9F6600E90538 /* MBProgressHUD.h */ = {isa = PBXFileReference; fileEncoding = 4; lastKnownFileType = sourcecode.c.h; path = MBProgressHUD.h; sourceTree = "<group>"; };
		1836DF091C3B9F6600E90538 /* MBProgressHUD.m */ = {isa = PBXFileReference; fileEncoding = 4; lastKnownFileType = sourcecode.c.objc; path = MBProgressHUD.m; sourceTree = "<group>"; };
		1836DF0A1C3B9F6600E90538 /* NetworkTool.h */ = {isa = PBXFileReference; fileEncoding = 4; lastKnownFileType = sourcecode.c.h; path = NetworkTool.h; sourceTree = "<group>"; };
		1836DF0B1C3B9F6600E90538 /* NetworkTool.m */ = {isa = PBXFileReference; fileEncoding = 4; lastKnownFileType = sourcecode.c.objc; path = NetworkTool.m; sourceTree = "<group>"; };
		1836DF0D1C3B9F6600E90538 /* AFNetworkActivityIndicatorManager.h */ = {isa = PBXFileReference; fileEncoding = 4; lastKnownFileType = sourcecode.c.h; path = AFNetworkActivityIndicatorManager.h; sourceTree = "<group>"; };
		1836DF0E1C3B9F6600E90538 /* AFNetworkActivityIndicatorManager.m */ = {isa = PBXFileReference; fileEncoding = 4; lastKnownFileType = sourcecode.c.objc; path = AFNetworkActivityIndicatorManager.m; sourceTree = "<group>"; };
		1836DF0F1C3B9F6600E90538 /* UIActivityIndicatorView+AFNetworking.h */ = {isa = PBXFileReference; fileEncoding = 4; lastKnownFileType = sourcecode.c.h; path = "UIActivityIndicatorView+AFNetworking.h"; sourceTree = "<group>"; };
		1836DF101C3B9F6600E90538 /* UIActivityIndicatorView+AFNetworking.m */ = {isa = PBXFileReference; fileEncoding = 4; lastKnownFileType = sourcecode.c.objc; path = "UIActivityIndicatorView+AFNetworking.m"; sourceTree = "<group>"; };
		1836DF111C3B9F6600E90538 /* UIAlertView+AFNetworking.h */ = {isa = PBXFileReference; fileEncoding = 4; lastKnownFileType = sourcecode.c.h; path = "UIAlertView+AFNetworking.h"; sourceTree = "<group>"; };
		1836DF121C3B9F6600E90538 /* UIAlertView+AFNetworking.m */ = {isa = PBXFileReference; fileEncoding = 4; lastKnownFileType = sourcecode.c.objc; path = "UIAlertView+AFNetworking.m"; sourceTree = "<group>"; };
		1836DF131C3B9F6600E90538 /* UIButton+AFNetworking.h */ = {isa = PBXFileReference; fileEncoding = 4; lastKnownFileType = sourcecode.c.h; path = "UIButton+AFNetworking.h"; sourceTree = "<group>"; };
		1836DF141C3B9F6600E90538 /* UIButton+AFNetworking.m */ = {isa = PBXFileReference; fileEncoding = 4; lastKnownFileType = sourcecode.c.objc; path = "UIButton+AFNetworking.m"; sourceTree = "<group>"; };
		1836DF151C3B9F6600E90538 /* UIImage+AFNetworking.h */ = {isa = PBXFileReference; fileEncoding = 4; lastKnownFileType = sourcecode.c.h; path = "UIImage+AFNetworking.h"; sourceTree = "<group>"; };
		1836DF161C3B9F6600E90538 /* UIImageView+AFNetworking.h */ = {isa = PBXFileReference; fileEncoding = 4; lastKnownFileType = sourcecode.c.h; path = "UIImageView+AFNetworking.h"; sourceTree = "<group>"; };
		1836DF171C3B9F6600E90538 /* UIImageView+AFNetworking.m */ = {isa = PBXFileReference; fileEncoding = 4; lastKnownFileType = sourcecode.c.objc; path = "UIImageView+AFNetworking.m"; sourceTree = "<group>"; };
		1836DF181C3B9F6600E90538 /* UIKit+AFNetworking.h */ = {isa = PBXFileReference; fileEncoding = 4; lastKnownFileType = sourcecode.c.h; path = "UIKit+AFNetworking.h"; sourceTree = "<group>"; };
		1836DF191C3B9F6600E90538 /* UIProgressView+AFNetworking.h */ = {isa = PBXFileReference; fileEncoding = 4; lastKnownFileType = sourcecode.c.h; path = "UIProgressView+AFNetworking.h"; sourceTree = "<group>"; };
		1836DF1A1C3B9F6600E90538 /* UIProgressView+AFNetworking.m */ = {isa = PBXFileReference; fileEncoding = 4; lastKnownFileType = sourcecode.c.objc; path = "UIProgressView+AFNetworking.m"; sourceTree = "<group>"; };
		1836DF1B1C3B9F6600E90538 /* UIRefreshControl+AFNetworking.h */ = {isa = PBXFileReference; fileEncoding = 4; lastKnownFileType = sourcecode.c.h; path = "UIRefreshControl+AFNetworking.h"; sourceTree = "<group>"; };
		1836DF1C1C3B9F6600E90538 /* UIRefreshControl+AFNetworking.m */ = {isa = PBXFileReference; fileEncoding = 4; lastKnownFileType = sourcecode.c.objc; path = "UIRefreshControl+AFNetworking.m"; sourceTree = "<group>"; };
		1836DF1D1C3B9F6600E90538 /* UIWebView+AFNetworking.h */ = {isa = PBXFileReference; fileEncoding = 4; lastKnownFileType = sourcecode.c.h; path = "UIWebView+AFNetworking.h"; sourceTree = "<group>"; };
		1836DF1E1C3B9F6600E90538 /* UIWebView+AFNetworking.m */ = {isa = PBXFileReference; fileEncoding = 4; lastKnownFileType = sourcecode.c.objc; path = "UIWebView+AFNetworking.m"; sourceTree = "<group>"; };
/* End PBXFileReference section */

/* Begin PBXFrameworksBuildPhase section */
		1836DEBB1C3B9F3600E90538 /* Frameworks */ = {
			isa = PBXFrameworksBuildPhase;
			buildActionMask = 2147483647;
			files = (
			);
			runOnlyForDeploymentPostprocessing = 0;
		};
		1836DED41C3B9F3600E90538 /* Frameworks */ = {
			isa = PBXFrameworksBuildPhase;
			buildActionMask = 2147483647;
			files = (
			);
			runOnlyForDeploymentPostprocessing = 0;
		};
		1836DEDF1C3B9F3600E90538 /* Frameworks */ = {
			isa = PBXFrameworksBuildPhase;
			buildActionMask = 2147483647;
			files = (
			);
			runOnlyForDeploymentPostprocessing = 0;
		};
/* End PBXFrameworksBuildPhase section */

/* Begin PBXGroup section */
		1836DEB51C3B9F3600E90538 = {
			isa = PBXGroup;
			children = (
				1836DEC01C3B9F3600E90538 /* SimpleNetwork */,
				1836DEDA1C3B9F3600E90538 /* SimpleNetworkTests */,
				1836DEE51C3B9F3600E90538 /* SimpleNetworkUITests */,
				1836DEBF1C3B9F3600E90538 /* Products */,
			);
			sourceTree = "<group>";
		};
		1836DEBF1C3B9F3600E90538 /* Products */ = {
			isa = PBXGroup;
			children = (
				1836DEBE1C3B9F3600E90538 /* SimpleNetwork.app */,
				1836DED71C3B9F3600E90538 /* SimpleNetworkTests.xctest */,
				1836DEE21C3B9F3600E90538 /* SimpleNetworkUITests.xctest */,
			);
			name = Products;
			sourceTree = "<group>";
		};
		1836DEC01C3B9F3600E90538 /* SimpleNetwork */ = {
			isa = PBXGroup;
			children = (
				1836DF321C3B9F7800E90538 /* NetworkTool */,
				1836DEC41C3B9F3600E90538 /* AppDelegate.h */,
				1836DEC51C3B9F3600E90538 /* AppDelegate.m */,
				1836DEC71C3B9F3600E90538 /* ViewController.h */,
				1836DEC81C3B9F3600E90538 /* ViewController.m */,
				1836DECA1C3B9F3600E90538 /* Main.storyboard */,
				1836DECD1C3B9F3600E90538 /* Assets.xcassets */,
				1836DECF1C3B9F3600E90538 /* LaunchScreen.storyboard */,
				1836DED21C3B9F3600E90538 /* Info.plist */,
				1836DEC11C3B9F3600E90538 /* Supporting Files */,
			);
			path = SimpleNetwork;
			sourceTree = "<group>";
		};
		1836DEC11C3B9F3600E90538 /* Supporting Files */ = {
			isa = PBXGroup;
			children = (
				1836DEC21C3B9F3600E90538 /* main.m */,
			);
			name = "Supporting Files";
			sourceTree = "<group>";
		};
		1836DEDA1C3B9F3600E90538 /* SimpleNetworkTests */ = {
			isa = PBXGroup;
			children = (
				1836DEDB1C3B9F3600E90538 /* SimpleNetworkTests.m */,
				1836DEDD1C3B9F3600E90538 /* Info.plist */,
			);
			path = SimpleNetworkTests;
			sourceTree = "<group>";
		};
		1836DEE51C3B9F3600E90538 /* SimpleNetworkUITests */ = {
			isa = PBXGroup;
			children = (
				1836DEE61C3B9F3600E90538 /* SimpleNetworkUITests.m */,
				1836DEE81C3B9F3600E90538 /* Info.plist */,
			);
			path = SimpleNetworkUITests;
			sourceTree = "<group>";
		};
		1836DEF41C3B9F6600E90538 /* AFNetworking */ = {
			isa = PBXGroup;
			children = (
				1836DF331C3B9FB700E90538 /* AFNetworking */,
				1836DF0C1C3B9F6600E90538 /* UIKit+AFNetworking */,
			);
			path = AFNetworking;
			sourceTree = "<group>";
		};
		1836DF0C1C3B9F6600E90538 /* UIKit+AFNetworking */ = {
			isa = PBXGroup;
			children = (
				1836DF0D1C3B9F6600E90538 /* AFNetworkActivityIndicatorManager.h */,
				1836DF0E1C3B9F6600E90538 /* AFNetworkActivityIndicatorManager.m */,
				1836DF0F1C3B9F6600E90538 /* UIActivityIndicatorView+AFNetworking.h */,
				1836DF101C3B9F6600E90538 /* UIActivityIndicatorView+AFNetworking.m */,
				1836DF111C3B9F6600E90538 /* UIAlertView+AFNetworking.h */,
				1836DF121C3B9F6600E90538 /* UIAlertView+AFNetworking.m */,
				1836DF131C3B9F6600E90538 /* UIButton+AFNetworking.h */,
				1836DF141C3B9F6600E90538 /* UIButton+AFNetworking.m */,
				1836DF151C3B9F6600E90538 /* UIImage+AFNetworking.h */,
				1836DF161C3B9F6600E90538 /* UIImageView+AFNetworking.h */,
				1836DF171C3B9F6600E90538 /* UIImageView+AFNetworking.m */,
				1836DF181C3B9F6600E90538 /* UIKit+AFNetworking.h */,
				1836DF191C3B9F6600E90538 /* UIProgressView+AFNetworking.h */,
				1836DF1A1C3B9F6600E90538 /* UIProgressView+AFNetworking.m */,
				1836DF1B1C3B9F6600E90538 /* UIRefreshControl+AFNetworking.h */,
				1836DF1C1C3B9F6600E90538 /* UIRefreshControl+AFNetworking.m */,
				1836DF1D1C3B9F6600E90538 /* UIWebView+AFNetworking.h */,
				1836DF1E1C3B9F6600E90538 /* UIWebView+AFNetworking.m */,
			);
			name = "UIKit+AFNetworking";
			path = "../UIKit+AFNetworking";
			sourceTree = "<group>";
		};
		1836DF321C3B9F7800E90538 /* NetworkTool */ = {
			isa = PBXGroup;
			children = (
				1836DF341C3B9FD100E90538 /* MBProgressHUD */,
				1836DEF41C3B9F6600E90538 /* AFNetworking */,
				1836DF0A1C3B9F6600E90538 /* NetworkTool.h */,
				1836DF0B1C3B9F6600E90538 /* NetworkTool.m */,
			);
			name = NetworkTool;
			sourceTree = "<group>";
		};
		1836DF331C3B9FB700E90538 /* AFNetworking */ = {
			isa = PBXGroup;
			children = (
				1836DEF51C3B9F6600E90538 /* AFHTTPRequestOperation.h */,
				1836DEF61C3B9F6600E90538 /* AFHTTPRequestOperation.m */,
				1836DEF71C3B9F6600E90538 /* AFHTTPRequestOperationManager.h */,
				1836DEF81C3B9F6600E90538 /* AFHTTPRequestOperationManager.m */,
				1836DEF91C3B9F6600E90538 /* AFHTTPSessionManager.h */,
				1836DEFA1C3B9F6600E90538 /* AFHTTPSessionManager.m */,
				1836DEFB1C3B9F6600E90538 /* AFNetworking.h */,
				1836DEFC1C3B9F6600E90538 /* AFNetworkReachabilityManager.h */,
				1836DEFD1C3B9F6600E90538 /* AFNetworkReachabilityManager.m */,
				1836DEFE1C3B9F6600E90538 /* AFSecurityPolicy.h */,
				1836DEFF1C3B9F6600E90538 /* AFSecurityPolicy.m */,
				1836DF001C3B9F6600E90538 /* AFURLConnectionOperation.h */,
				1836DF011C3B9F6600E90538 /* AFURLConnectionOperation.m */,
				1836DF021C3B9F6600E90538 /* AFURLRequestSerialization.h */,
				1836DF031C3B9F6600E90538 /* AFURLRequestSerialization.m */,
				1836DF041C3B9F6600E90538 /* AFURLResponseSerialization.h */,
				1836DF051C3B9F6600E90538 /* AFURLResponseSerialization.m */,
				1836DF061C3B9F6600E90538 /* AFURLSessionManager.h */,
				1836DF071C3B9F6600E90538 /* AFURLSessionManager.m */,
			);
			name = AFNetworking;
			sourceTree = "<group>";
		};
		1836DF341C3B9FD100E90538 /* MBProgressHUD */ = {
			isa = PBXGroup;
			children = (
				1836DF081C3B9F6600E90538 /* MBProgressHUD.h */,
				1836DF091C3B9F6600E90538 /* MBProgressHUD.m */,
			);
			name = MBProgressHUD;
			sourceTree = "<group>";
		};
/* End PBXGroup section */

/* Begin PBXNativeTarget section */
		1836DEBD1C3B9F3600E90538 /* SimpleNetwork */ = {
			isa = PBXNativeTarget;
			buildConfigurationList = 1836DEEB1C3B9F3600E90538 /* Build configuration list for PBXNativeTarget "SimpleNetwork" */;
			buildPhases = (
				1836DEBA1C3B9F3600E90538 /* Sources */,
				1836DEBB1C3B9F3600E90538 /* Frameworks */,
				1836DEBC1C3B9F3600E90538 /* Resources */,
			);
			buildRules = (
			);
			dependencies = (
			);
			name = SimpleNetwork;
			productName = SimpleNetwork;
			productReference = 1836DEBE1C3B9F3600E90538 /* SimpleNetwork.app */;
			productType = "com.apple.product-type.application";
		};
		1836DED61C3B9F3600E90538 /* SimpleNetworkTests */ = {
			isa = PBXNativeTarget;
			buildConfigurationList = 1836DEEE1C3B9F3600E90538 /* Build configuration list for PBXNativeTarget "SimpleNetworkTests" */;
			buildPhases = (
				1836DED31C3B9F3600E90538 /* Sources */,
				1836DED41C3B9F3600E90538 /* Frameworks */,
				1836DED51C3B9F3600E90538 /* Resources */,
			);
			buildRules = (
			);
			dependencies = (
				1836DED91C3B9F3600E90538 /* PBXTargetDependency */,
			);
			name = SimpleNetworkTests;
			productName = SimpleNetworkTests;
			productReference = 1836DED71C3B9F3600E90538 /* SimpleNetworkTests.xctest */;
			productType = "com.apple.product-type.bundle.unit-test";
		};
		1836DEE11C3B9F3600E90538 /* SimpleNetworkUITests */ = {
			isa = PBXNativeTarget;
			buildConfigurationList = 1836DEF11C3B9F3600E90538 /* Build configuration list for PBXNativeTarget "SimpleNetworkUITests" */;
			buildPhases = (
				1836DEDE1C3B9F3600E90538 /* Sources */,
				1836DEDF1C3B9F3600E90538 /* Frameworks */,
				1836DEE01C3B9F3600E90538 /* Resources */,
			);
			buildRules = (
			);
			dependencies = (
				1836DEE41C3B9F3600E90538 /* PBXTargetDependency */,
			);
			name = SimpleNetworkUITests;
			productName = SimpleNetworkUITests;
			productReference = 1836DEE21C3B9F3600E90538 /* SimpleNetworkUITests.xctest */;
			productType = "com.apple.product-type.bundle.ui-testing";
		};
/* End PBXNativeTarget section */

/* Begin PBXProject section */
		1836DEB61C3B9F3600E90538 /* Project object */ = {
			isa = PBXProject;
			attributes = {
				LastUpgradeCheck = 0720;
				ORGANIZATIONNAME = apple;
				TargetAttributes = {
					1836DEBD1C3B9F3600E90538 = {
						CreatedOnToolsVersion = 7.2;
					};
					1836DED61C3B9F3600E90538 = {
						CreatedOnToolsVersion = 7.2;
						TestTargetID = 1836DEBD1C3B9F3600E90538;
					};
					1836DEE11C3B9F3600E90538 = {
						CreatedOnToolsVersion = 7.2;
						TestTargetID = 1836DEBD1C3B9F3600E90538;
					};
				};
			};
			buildConfigurationList = 1836DEB91C3B9F3600E90538 /* Build configuration list for PBXProject "SimpleNetwork" */;
			compatibilityVersion = "Xcode 3.2";
			developmentRegion = English;
			hasScannedForEncodings = 0;
			knownRegions = (
				en,
				Base,
			);
			mainGroup = 1836DEB51C3B9F3600E90538;
			productRefGroup = 1836DEBF1C3B9F3600E90538 /* Products */;
			projectDirPath = "";
			projectRoot = "";
			targets = (
				1836DEBD1C3B9F3600E90538 /* SimpleNetwork */,
				1836DED61C3B9F3600E90538 /* SimpleNetworkTests */,
				1836DEE11C3B9F3600E90538 /* SimpleNetworkUITests */,
			);
		};
/* End PBXProject section */

/* Begin PBXResourcesBuildPhase section */
		1836DEBC1C3B9F3600E90538 /* Resources */ = {
			isa = PBXResourcesBuildPhase;
			buildActionMask = 2147483647;
			files = (
				1836DED11C3B9F3600E90538 /* LaunchScreen.storyboard in Resources */,
				1836DECE1C3B9F3600E90538 /* Assets.xcassets in Resources */,
				1836DECC1C3B9F3600E90538 /* Main.storyboard in Resources */,
			);
			runOnlyForDeploymentPostprocessing = 0;
		};
		1836DED51C3B9F3600E90538 /* Resources */ = {
			isa = PBXResourcesBuildPhase;
			buildActionMask = 2147483647;
			files = (
			);
			runOnlyForDeploymentPostprocessing = 0;
		};
		1836DEE01C3B9F3600E90538 /* Resources */ = {
			isa = PBXResourcesBuildPhase;
			buildActionMask = 2147483647;
			files = (
			);
			runOnlyForDeploymentPostprocessing = 0;
		};
/* End PBXResourcesBuildPhase section */

/* Begin PBXSourcesBuildPhase section */
		1836DEBA1C3B9F3600E90538 /* Sources */ = {
			isa = PBXSourcesBuildPhase;
			buildActionMask = 2147483647;
			files = (
				1836DF291C3B9F6600E90538 /* NetworkTool.m in Sources */,
				1836DF1F1C3B9F6600E90538 /* AFHTTPRequestOperation.m in Sources */,
				1836DF2D1C3B9F6600E90538 /* UIButton+AFNetworking.m in Sources */,
				1836DEC91C3B9F3600E90538 /* ViewController.m in Sources */,
				1836DF2F1C3B9F6600E90538 /* UIProgressView+AFNetworking.m in Sources */,
				1836DF201C3B9F6600E90538 /* AFHTTPRequestOperationManager.m in Sources */,
				1836DF221C3B9F6600E90538 /* AFNetworkReachabilityManager.m in Sources */,
				1836DF261C3B9F6600E90538 /* AFURLResponseSerialization.m in Sources */,
				1836DF301C3B9F6600E90538 /* UIRefreshControl+AFNetworking.m in Sources */,
				1836DF241C3B9F6600E90538 /* AFURLConnectionOperation.m in Sources */,
				1836DF231C3B9F6600E90538 /* AFSecurityPolicy.m in Sources */,
				1836DF2E1C3B9F6600E90538 /* UIImageView+AFNetworking.m in Sources */,
				1836DF211C3B9F6600E90538 /* AFHTTPSessionManager.m in Sources */,
				1836DF2C1C3B9F6600E90538 /* UIAlertView+AFNetworking.m in Sources */,
				1836DF251C3B9F6600E90538 /* AFURLRequestSerialization.m in Sources */,
				1836DF281C3B9F6600E90538 /* MBProgressHUD.m in Sources */,
				1836DF311C3B9F6600E90538 /* UIWebView+AFNetworking.m in Sources */,
				1836DF271C3B9F6600E90538 /* AFURLSessionManager.m in Sources */,
				1836DEC61C3B9F3600E90538 /* AppDelegate.m in Sources */,
				1836DEC31C3B9F3600E90538 /* main.m in Sources */,
				1836DF2B1C3B9F6600E90538 /* UIActivityIndicatorView+AFNetworking.m in Sources */,
				1836DF2A1C3B9F6600E90538 /* AFNetworkActivityIndicatorManager.m in Sources */,
			);
			runOnlyForDeploymentPostprocessing = 0;
		};
		1836DED31C3B9F3600E90538 /* Sources */ = {
			isa = PBXSourcesBuildPhase;
			buildActionMask = 2147483647;
			files = (
				1836DEDC1C3B9F3600E90538 /* SimpleNetworkTests.m in Sources */,
			);
			runOnlyForDeploymentPostprocessing = 0;
		};
		1836DEDE1C3B9F3600E90538 /* Sources */ = {
			isa = PBXSourcesBuildPhase;
			buildActionMask = 2147483647;
			files = (
				1836DEE71C3B9F3600E90538 /* SimpleNetworkUITests.m in Sources */,
			);
			runOnlyForDeploymentPostprocessing = 0;
		};
/* End PBXSourcesBuildPhase section */

/* Begin PBXTargetDependency section */
		1836DED91C3B9F3600E90538 /* PBXTargetDependency */ = {
			isa = PBXTargetDependency;
			target = 1836DEBD1C3B9F3600E90538 /* SimpleNetwork */;
			targetProxy = 1836DED81C3B9F3600E90538 /* PBXContainerItemProxy */;
		};
		1836DEE41C3B9F3600E90538 /* PBXTargetDependency */ = {
			isa = PBXTargetDependency;
			target = 1836DEBD1C3B9F3600E90538 /* SimpleNetwork */;
			targetProxy = 1836DEE31C3B9F3600E90538 /* PBXContainerItemProxy */;
		};
/* End PBXTargetDependency section */

/* Begin PBXVariantGroup section */
		1836DECA1C3B9F3600E90538 /* Main.storyboard */ = {
			isa = PBXVariantGroup;
			children = (
				1836DECB1C3B9F3600E90538 /* Base */,
			);
			name = Main.storyboard;
			sourceTree = "<group>";
		};
		1836DECF1C3B9F3600E90538 /* LaunchScreen.storyboard */ = {
			isa = PBXVariantGroup;
			children = (
				1836DED01C3B9F3600E90538 /* Base */,
			);
			name = LaunchScreen.storyboard;
			sourceTree = "<group>";
		};
/* End PBXVariantGroup section */

/* Begin XCBuildConfiguration section */
		1836DEE91C3B9F3600E90538 /* Debug */ = {
			isa = XCBuildConfiguration;
			buildSettings = {
				ALWAYS_SEARCH_USER_PATHS = NO;
				CLANG_CXX_LANGUAGE_STANDARD = "gnu++0x";
				CLANG_CXX_LIBRARY = "libc++";
				CLANG_ENABLE_MODULES = YES;
				CLANG_ENABLE_OBJC_ARC = YES;
				CLANG_WARN_BOOL_CONVERSION = YES;
				CLANG_WARN_CONSTANT_CONVERSION = YES;
				CLANG_WARN_DIRECT_OBJC_ISA_USAGE = YES_ERROR;
				CLANG_WARN_EMPTY_BODY = YES;
				CLANG_WARN_ENUM_CONVERSION = YES;
				CLANG_WARN_INT_CONVERSION = YES;
				CLANG_WARN_OBJC_ROOT_CLASS = YES_ERROR;
				CLANG_WARN_UNREACHABLE_CODE = YES;
				CLANG_WARN__DUPLICATE_METHOD_MATCH = YES;
				"CODE_SIGN_IDENTITY[sdk=iphoneos*]" = "iPhone Developer";
				COPY_PHASE_STRIP = NO;
				DEBUG_INFORMATION_FORMAT = dwarf;
				ENABLE_STRICT_OBJC_MSGSEND = YES;
				ENABLE_TESTABILITY = YES;
				GCC_C_LANGUAGE_STANDARD = gnu99;
				GCC_DYNAMIC_NO_PIC = NO;
				GCC_NO_COMMON_BLOCKS = YES;
				GCC_OPTIMIZATION_LEVEL = 0;
				GCC_PREPROCESSOR_DEFINITIONS = (
					"DEBUG=1",
					"$(inherited)",
				);
				GCC_WARN_64_TO_32_BIT_CONVERSION = YES;
				GCC_WARN_ABOUT_RETURN_TYPE = YES_ERROR;
				GCC_WARN_UNDECLARED_SELECTOR = YES;
				GCC_WARN_UNINITIALIZED_AUTOS = YES_AGGRESSIVE;
				GCC_WARN_UNUSED_FUNCTION = YES;
				GCC_WARN_UNUSED_VARIABLE = YES;
				IPHONEOS_DEPLOYMENT_TARGET = 9.2;
				MTL_ENABLE_DEBUG_INFO = YES;
				ONLY_ACTIVE_ARCH = YES;
				SDKROOT = iphoneos;
			};
			name = Debug;
		};
		1836DEEA1C3B9F3600E90538 /* Release */ = {
			isa = XCBuildConfiguration;
			buildSettings = {
				ALWAYS_SEARCH_USER_PATHS = NO;
				CLANG_CXX_LANGUAGE_STANDARD = "gnu++0x";
				CLANG_CXX_LIBRARY = "libc++";
				CLANG_ENABLE_MODULES = YES;
				CLANG_ENABLE_OBJC_ARC = YES;
				CLANG_WARN_BOOL_CONVERSION = YES;
				CLANG_WARN_CONSTANT_CONVERSION = YES;
				CLANG_WARN_DIRECT_OBJC_ISA_USAGE = YES_ERROR;
				CLANG_WARN_EMPTY_BODY = YES;
				CLANG_WARN_ENUM_CONVERSION = YES;
				CLANG_WARN_INT_CONVERSION = YES;
				CLANG_WARN_OBJC_ROOT_CLASS = YES_ERROR;
				CLANG_WARN_UNREACHABLE_CODE = YES;
				CLANG_WARN__DUPLICATE_METHOD_MATCH = YES;
				"CODE_SIGN_IDENTITY[sdk=iphoneos*]" = "iPhone Developer";
				COPY_PHASE_STRIP = NO;
				DEBUG_INFORMATION_FORMAT = "dwarf-with-dsym";
				ENABLE_NS_ASSERTIONS = NO;
				ENABLE_STRICT_OBJC_MSGSEND = YES;
				GCC_C_LANGUAGE_STANDARD = gnu99;
				GCC_NO_COMMON_BLOCKS = YES;
				GCC_WARN_64_TO_32_BIT_CONVERSION = YES;
				GCC_WARN_ABOUT_RETURN_TYPE = YES_ERROR;
				GCC_WARN_UNDECLARED_SELECTOR = YES;
				GCC_WARN_UNINITIALIZED_AUTOS = YES_AGGRESSIVE;
				GCC_WARN_UNUSED_FUNCTION = YES;
				GCC_WARN_UNUSED_VARIABLE = YES;
				IPHONEOS_DEPLOYMENT_TARGET = 9.2;
				MTL_ENABLE_DEBUG_INFO = NO;
				SDKROOT = iphoneos;
				VALIDATE_PRODUCT = YES;
			};
			name = Release;
		};
		1836DEEC1C3B9F3600E90538 /* Debug */ = {
			isa = XCBuildConfiguration;
			buildSettings = {
				ASSETCATALOG_COMPILER_APPICON_NAME = AppIcon;
				INFOPLIST_FILE = SimpleNetwork/Info.plist;
				LD_RUNPATH_SEARCH_PATHS = "$(inherited) @executable_path/Frameworks";
				PRODUCT_BUNDLE_IDENTIFIER = apple.SimpleNetwork;
				PRODUCT_NAME = "$(TARGET_NAME)";
			};
			name = Debug;
		};
		1836DEED1C3B9F3600E90538 /* Release */ = {
			isa = XCBuildConfiguration;
			buildSettings = {
				ASSETCATALOG_COMPILER_APPICON_NAME = AppIcon;
				INFOPLIST_FILE = SimpleNetwork/Info.plist;
				LD_RUNPATH_SEARCH_PATHS = "$(inherited) @executable_path/Frameworks";
				PRODUCT_BUNDLE_IDENTIFIER = apple.SimpleNetwork;
				PRODUCT_NAME = "$(TARGET_NAME)";
			};
			name = Release;
		};
		1836DEEF1C3B9F3600E90538 /* Debug */ = {
			isa = XCBuildConfiguration;
			buildSettings = {
				BUNDLE_LOADER = "$(TEST_HOST)";
				INFOPLIST_FILE = SimpleNetworkTests/Info.plist;
				LD_RUNPATH_SEARCH_PATHS = "$(inherited) @executable_path/Frameworks @loader_path/Frameworks";
				PRODUCT_BUNDLE_IDENTIFIER = apple.SimpleNetworkTests;
				PRODUCT_NAME = "$(TARGET_NAME)";
				TEST_HOST = "$(BUILT_PRODUCTS_DIR)/SimpleNetwork.app/SimpleNetwork";
			};
			name = Debug;
		};
		1836DEF01C3B9F3600E90538 /* Release */ = {
			isa = XCBuildConfiguration;
			buildSettings = {
				BUNDLE_LOADER = "$(TEST_HOST)";
				INFOPLIST_FILE = SimpleNetworkTests/Info.plist;
				LD_RUNPATH_SEARCH_PATHS = "$(inherited) @executable_path/Frameworks @loader_path/Frameworks";
				PRODUCT_BUNDLE_IDENTIFIER = apple.SimpleNetworkTests;
				PRODUCT_NAME = "$(TARGET_NAME)";
				TEST_HOST = "$(BUILT_PRODUCTS_DIR)/SimpleNetwork.app/SimpleNetwork";
			};
			name = Release;
		};
		1836DEF21C3B9F3600E90538 /* Debug */ = {
			isa = XCBuildConfiguration;
			buildSettings = {
				INFOPLIST_FILE = SimpleNetworkUITests/Info.plist;
				LD_RUNPATH_SEARCH_PATHS = "$(inherited) @executable_path/Frameworks @loader_path/Frameworks";
				PRODUCT_BUNDLE_IDENTIFIER = apple.SimpleNetworkUITests;
				PRODUCT_NAME = "$(TARGET_NAME)";
				TEST_TARGET_NAME = SimpleNetwork;
				USES_XCTRUNNER = YES;
			};
			name = Debug;
		};
		1836DEF31C3B9F3600E90538 /* Release */ = {
			isa = XCBuildConfiguration;
			buildSettings = {
				INFOPLIST_FILE = SimpleNetworkUITests/Info.plist;
				LD_RUNPATH_SEARCH_PATHS = "$(inherited) @executable_path/Frameworks @loader_path/Frameworks";
				PRODUCT_BUNDLE_IDENTIFIER = apple.SimpleNetworkUITests;
				PRODUCT_NAME = "$(TARGET_NAME)";
				TEST_TARGET_NAME = SimpleNetwork;
				USES_XCTRUNNER = YES;
			};
			name = Release;
		};
/* End XCBuildConfiguration section */

/* Begin XCConfigurationList section */
		1836DEB91C3B9F3600E90538 /* Build configuration list for PBXProject "SimpleNetwork" */ = {
			isa = XCConfigurationList;
			buildConfigurations = (
				1836DEE91C3B9F3600E90538 /* Debug */,
				1836DEEA1C3B9F3600E90538 /* Release */,
			);
			defaultConfigurationIsVisible = 0;
			defaultConfigurationName = Release;
		};
		1836DEEB1C3B9F3600E90538 /* Build configuration list for PBXNativeTarget "SimpleNetwork" */ = {
			isa = XCConfigurationList;
			buildConfigurations = (
				1836DEEC1C3B9F3600E90538 /* Debug */,
				1836DEED1C3B9F3600E90538 /* Release */,
			);
			defaultConfigurationIsVisible = 0;
		};
		1836DEEE1C3B9F3600E90538 /* Build configuration list for PBXNativeTarget "SimpleNetworkTests" */ = {
			isa = XCConfigurationList;
			buildConfigurations = (
				1836DEEF1C3B9F3600E90538 /* Debug */,
				1836DEF01C3B9F3600E90538 /* Release */,
			);
			defaultConfigurationIsVisible = 0;
		};
		1836DEF11C3B9F3600E90538 /* Build configuration list for PBXNativeTarget "SimpleNetworkUITests" */ = {
			isa = XCConfigurationList;
			buildConfigurations = (
				1836DEF21C3B9F3600E90538 /* Debug */,
				1836DEF31C3B9F3600E90538 /* Release */,
			);
			defaultConfigurationIsVisible = 0;
		};
/* End XCConfigurationList section */
	};
	rootObject = 1836DEB61C3B9F3600E90538 /* Project object */;
}
